
Microsoft Visual Studio Solution File, Format Version 12.00
# Visual Studio Version 17
VisualStudioVersion = 17.3.32929.385
MinimumVisualStudioVersion = 10.0.40219.1
Project("{FAE04EC0-301F-11D3-BF4B-00C04F79EFBC}") = "ConsoleApp1", "ConsoleApp1\ConsoleApp1.csproj", "{D1965F09-CF3E-4A33-88E7-1FADA4FC8522}"
EndProject
Global
	GlobalSection(SolutionConfigurationPlatforms) = preSolution
		Debug|Any CPU = Debug|Any CPU
		Release|Any CPU = Release|Any CPU
	EndGlobalSection
	GlobalSection(ProjectConfigurationPlatforms) = postSolution
		{D1965F09-CF3E-4A33-88E7-1FADA4FC8522}.Debug|Any CPU.ActiveCfg = Debug|Any CPU
		{D1965F09-CF3E-4A33-88E7-1FADA4FC8522}.Debug|Any CPU.Build.0 = Debug|Any CPU
		{D1965F09-CF3E-4A33-88E7-1FADA4FC8522}.Release|Any CPU.ActiveCfg = Release|Any CPU
		{D1965F09-CF3E-4A33-88E7-1FADA4FC8522}.Release|Any CPU.Build.0 = Release|Any CPU
	EndGlobalSection
	GlobalSection(SolutionProperties) = preSolution
		HideSolutionNode = FALSE
	EndGlobalSection
	GlobalSection(ExtensibilityGlobals) = postSolution
		SolutionGuid = {FF2959C3-E92A-40A8-BF4E-34F49B9B9351}
	EndGlobalSection
EndGlobal
